// !$*UTF8*$!
{
	archiveVersion = 1;
	classes = {
	};
	objectVersion = 77;
	objects = {

/* Begin PBXBuildFile section */
		9A122B672D908EA900E4A2AC /* GoogleSignIn in Frameworks */ = {isa = PBXBuildFile; productRef = 9A122B662D908EA900E4A2AC /* GoogleSignIn */; };
		9A122B692D908EA900E4A2AC /* GoogleSignInSwift in Frameworks */ = {isa = PBXBuildFile; productRef = 9A122B682D908EA900E4A2AC /* GoogleSignInSwift */; };
		9A122CDA2D91C2D400E4A2AC /* FirebaseAnalytics in Frameworks */ = {isa = PBXBuildFile; productRef = 9A122CD92D91C2D400E4A2AC /* FirebaseAnalytics */; };
		9A122CDC2D91C2D400E4A2AC /* FirebaseAnalyticsOnDeviceConversion in Frameworks */ = {isa = PBXBuildFile; productRef = 9A122CDB2D91C2D400E4A2AC /* FirebaseAnalyticsOnDeviceConversion */; };
		9A122CDE2D91C2D400E4A2AC /* FirebaseAnalyticsWithoutAdIdSupport in Frameworks */ = {isa = PBXBuildFile; productRef = 9A122CDD2D91C2D400E4A2AC /* FirebaseAnalyticsWithoutAdIdSupport */; };
		9A122CE02D91C2D400E4A2AC /* FirebaseAppCheck in Frameworks */ = {isa = PBXBuildFile; productRef = 9A122CDF2D91C2D400E4A2AC /* FirebaseAppCheck */; };
		9A122CE22D91C2D400E4A2AC /* FirebaseAppDistribution-Beta in Frameworks */ = {isa = PBXBuildFile; productRef = 9A122CE12D91C2D400E4A2AC /* FirebaseAppDistribution-Beta */; };
		9A122CE52D91CD7300E4A2AC /* FacebookAEM in Frameworks */ = {isa = PBXBuildFile; productRef = 9A122CE42D91CD7300E4A2AC /* FacebookAEM */; };
		9A122CE72D91CD7300E4A2AC /* FacebookBasics in Frameworks */ = {isa = PBXBuildFile; productRef = 9A122CE62D91CD7300E4A2AC /* FacebookBasics */; };
		9A122CE92D91CD7300E4A2AC /* FacebookCore in Frameworks */ = {isa = PBXBuildFile; productRef = 9A122CE82D91CD7300E4A2AC /* FacebookCore */; };
		9A122CEB2D91CD7300E4A2AC /* FacebookGamingServices in Frameworks */ = {isa = PBXBuildFile; productRef = 9A122CEA2D91CD7300E4A2AC /* FacebookGamingServices */; };
		9A122CED2D91CD7300E4A2AC /* FacebookLogin in Frameworks */ = {isa = PBXBuildFile; productRef = 9A122CEC2D91CD7300E4A2AC /* FacebookLogin */; };
		9A122CF02D91D4AA00E4A2AC /* FirebaseCore in Frameworks */ = {isa = PBXBuildFile; productRef = 9A122CEF2D91D4AA00E4A2AC /* FirebaseCore */; };
		9A122CF22D91D4B500E4A2AC /* FirebaseDatabase in Frameworks */ = {isa = PBXBuildFile; productRef = 9A122CF12D91D4B500E4A2AC /* FirebaseDatabase */; };
		9A122CF42D91D4CA00E4A2AC /* FirebaseAuth in Frameworks */ = {isa = PBXBuildFile; productRef = 9A122CF32D91D4CA00E4A2AC /* FirebaseAuth */; };
		9A122CF62D91D5E900E4A2AC /* FacebookShare in Frameworks */ = {isa = PBXBuildFile; productRef = 9A122CF52D91D5E900E4A2AC /* FacebookShare */; };
		9A38CBE32D98233D0058DB6B /* RiveRuntime in Frameworks */ = {isa = PBXBuildFile; productRef = 9A38CBE22D98233C0058DB6B /* RiveRuntime */; };
		9A38CC0C2D984F4B0058DB6B /* FirebaseFirestore in Frameworks */ = {isa = PBXBuildFile; productRef = 9A38CC0B2D984F4B0058DB6B /* FirebaseFirestore */; };
/* End PBXBuildFile section */

/* Begin PBXContainerItemProxy section */
		9A122ADD2D908C0300E4A2AC /* PBXContainerItemProxy */ = {
			isa = PBXContainerItemProxy;
			containerPortal = 9A122AC42D908C0100E4A2AC /* Project object */;
			proxyType = 1;
			remoteGlobalIDString = 9A122ACB2D908C0100E4A2AC;
			remoteInfo = "Estate-Swift";
		};
		9A122AE72D908C0300E4A2AC /* PBXContainerItemProxy */ = {
			isa = PBXContainerItemProxy;
			containerPortal = 9A122AC42D908C0100E4A2AC /* Project object */;
			proxyType = 1;
			remoteGlobalIDString = 9A122ACB2D908C0100E4A2AC;
			remoteInfo = "Estate-Swift";
		};
/* End PBXContainerItemProxy section */

/* Begin PBXFileReference section */
		9A122ACC2D908C0100E4A2AC /* Estate-Swift.app */ = {isa = PBXFileReference; explicitFileType = wrapper.application; includeInIndex = 0; path = "Estate-Swift.app"; sourceTree = BUILT_PRODUCTS_DIR; };
		9A122ADC2D908C0300E4A2AC /* Estate-SwiftTests.xctest */ = {isa = PBXFileReference; explicitFileType = wrapper.cfbundle; includeInIndex = 0; path = "Estate-SwiftTests.xctest"; sourceTree = BUILT_PRODUCTS_DIR; };
		9A122AE62D908C0300E4A2AC /* Estate-SwiftUITests.xctest */ = {isa = PBXFileReference; explicitFileType = wrapper.cfbundle; includeInIndex = 0; path = "Estate-SwiftUITests.xctest"; sourceTree = BUILT_PRODUCTS_DIR; };
/* End PBXFileReference section */

/* Begin PBXFileSystemSynchronizedBuildFileExceptionSet section */
		9AB560022D95EF350063547D /* Exceptions for "Estate-Swift" folder in "Estate-Swift" target */ = {
			isa = PBXFileSystemSynchronizedBuildFileExceptionSet;
			membershipExceptions = (
				Info.plist,
			);
			target = 9A122ACB2D908C0100E4A2AC /* Estate-Swift */;
		};
/* End PBXFileSystemSynchronizedBuildFileExceptionSet section */

/* Begin PBXFileSystemSynchronizedRootGroup section */
		9A122ACE2D908C0100E4A2AC /* Estate-Swift */ = {
			isa = PBXFileSystemSynchronizedRootGroup;
			exceptions = (
				9AB560022D95EF350063547D /* Exceptions for "Estate-Swift" folder in "Estate-Swift" target */,
			);
			path = "Estate-Swift";
			sourceTree = "<group>";
		};
		9A122ADF2D908C0300E4A2AC /* Estate-SwiftTests */ = {
			isa = PBXFileSystemSynchronizedRootGroup;
			path = "Estate-SwiftTests";
			sourceTree = "<group>";
		};
		9A122AE92D908C0300E4A2AC /* Estate-SwiftUITests */ = {
			isa = PBXFileSystemSynchronizedRootGroup;
			path = "Estate-SwiftUITests";
			sourceTree = "<group>";
		};
/* End PBXFileSystemSynchronizedRootGroup section */

/* Begin PBXFrameworksBuildPhase section */
		9A122AC92D908C0100E4A2AC /* Frameworks */ = {
			isa = PBXFrameworksBuildPhase;
			buildActionMask = 2147483647;
			files = (
				9A122CEB2D91CD7300E4A2AC /* FacebookGamingServices in Frameworks */,
				9A122CF42D91D4CA00E4A2AC /* FirebaseAuth in Frameworks */,
				9A122CE72D91CD7300E4A2AC /* FacebookBasics in Frameworks */,
				9A122CE92D91CD7300E4A2AC /* FacebookCore in Frameworks */,
				9A122CE52D91CD7300E4A2AC /* FacebookAEM in Frameworks */,
				9A38CC0C2D984F4B0058DB6B /* FirebaseFirestore in Frameworks */,
				9A122CE22D91C2D400E4A2AC /* FirebaseAppDistribution-Beta in Frameworks */,
				9A122B672D908EA900E4A2AC /* GoogleSignIn in Frameworks */,
				9A122CDE2D91C2D400E4A2AC /* FirebaseAnalyticsWithoutAdIdSupport in Frameworks */,
				9A122B692D908EA900E4A2AC /* GoogleSignInSwift in Frameworks */,
				9A122CF02D91D4AA00E4A2AC /* FirebaseCore in Frameworks */,
				9A38CBE32D98233D0058DB6B /* RiveRuntime in Frameworks */,
				9A122CF62D91D5E900E4A2AC /* FacebookShare in Frameworks */,
				9A122CED2D91CD7300E4A2AC /* FacebookLogin in Frameworks */,
				9A122CDA2D91C2D400E4A2AC /* FirebaseAnalytics in Frameworks */,
				9A122CE02D91C2D400E4A2AC /* FirebaseAppCheck in Frameworks */,
				9A122CF22D91D4B500E4A2AC /* FirebaseDatabase in Frameworks */,
				9A122CDC2D91C2D400E4A2AC /* FirebaseAnalyticsOnDeviceConversion in Frameworks */,
			);
			runOnlyForDeploymentPostprocessing = 0;
		};
		9A122AD92D908C0300E4A2AC /* Frameworks */ = {
			isa = PBXFrameworksBuildPhase;
			buildActionMask = 2147483647;
			files = (
			);
			runOnlyForDeploymentPostprocessing = 0;
		};
		9A122AE32D908C0300E4A2AC /* Frameworks */ = {
			isa = PBXFrameworksBuildPhase;
			buildActionMask = 2147483647;
			files = (
			);
			runOnlyForDeploymentPostprocessing = 0;
		};
/* End PBXFrameworksBuildPhase section */

/* Begin PBXGroup section */
		9A122AC32D908C0100E4A2AC = {
			isa = PBXGroup;
			children = (
				9A122ACE2D908C0100E4A2AC /* Estate-Swift */,
				9A122ADF2D908C0300E4A2AC /* Estate-SwiftTests */,
				9A122AE92D908C0300E4A2AC /* Estate-SwiftUITests */,
				9A122CEE2D91D4AA00E4A2AC /* Frameworks */,
				9A122ACD2D908C0100E4A2AC /* Products */,
			);
			sourceTree = "<group>";
		};
		9A122ACD2D908C0100E4A2AC /* Products */ = {
			isa = PBXGroup;
			children = (
				9A122ACC2D908C0100E4A2AC /* Estate-Swift.app */,
				9A122ADC2D908C0300E4A2AC /* Estate-SwiftTests.xctest */,
				9A122AE62D908C0300E4A2AC /* Estate-SwiftUITests.xctest */,
			);
			name = Products;
			sourceTree = "<group>";
		};
		9A122CEE2D91D4AA00E4A2AC /* Frameworks */ = {
			isa = PBXGroup;
			children = (
			);
			name = Frameworks;
			sourceTree = "<group>";
		};
/* End PBXGroup section */

/* Begin PBXNativeTarget section */
		9A122ACB2D908C0100E4A2AC /* Estate-Swift */ = {
			isa = PBXNativeTarget;
			buildConfigurationList = 9A122AF02D908C0300E4A2AC /* Build configuration list for PBXNativeTarget "Estate-Swift" */;
			buildPhases = (
				9A122AC82D908C0100E4A2AC /* Sources */,
				9A122AC92D908C0100E4A2AC /* Frameworks */,
				9A122ACA2D908C0100E4A2AC /* Resources */,
			);
			buildRules = (
			);
			dependencies = (
			);
			fileSystemSynchronizedGroups = (
				9A122ACE2D908C0100E4A2AC /* Estate-Swift */,
			);
			name = "Estate-Swift";
			packageProductDependencies = (
				9A122B662D908EA900E4A2AC /* GoogleSignIn */,
				9A122B682D908EA900E4A2AC /* GoogleSignInSwift */,
				9A122CD92D91C2D400E4A2AC /* FirebaseAnalytics */,
				9A122CDB2D91C2D400E4A2AC /* FirebaseAnalyticsOnDeviceConversion */,
				9A122CDD2D91C2D400E4A2AC /* FirebaseAnalyticsWithoutAdIdSupport */,
				9A122CDF2D91C2D400E4A2AC /* FirebaseAppCheck */,
				9A122CE12D91C2D400E4A2AC /* FirebaseAppDistribution-Beta */,
				9A122CE42D91CD7300E4A2AC /* FacebookAEM */,
				9A122CE62D91CD7300E4A2AC /* FacebookBasics */,
				9A122CE82D91CD7300E4A2AC /* FacebookCore */,
				9A122CEA2D91CD7300E4A2AC /* FacebookGamingServices */,
				9A122CEC2D91CD7300E4A2AC /* FacebookLogin */,
				9A122CEF2D91D4AA00E4A2AC /* FirebaseCore */,
				9A122CF12D91D4B500E4A2AC /* FirebaseDatabase */,
				9A122CF32D91D4CA00E4A2AC /* FirebaseAuth */,
				9A122CF52D91D5E900E4A2AC /* FacebookShare */,
				9A38CBE22D98233C0058DB6B /* RiveRuntime */,
				9A38CC0B2D984F4B0058DB6B /* FirebaseFirestore */,
			);
			productName = "Estate-Swift";
			productReference = 9A122ACC2D908C0100E4A2AC /* Estate-Swift.app */;
			productType = "com.apple.product-type.application";
		};
		9A122ADB2D908C0300E4A2AC /* Estate-SwiftTests */ = {
			isa = PBXNativeTarget;
			buildConfigurationList = 9A122AF32D908C0300E4A2AC /* Build configuration list for PBXNativeTarget "Estate-SwiftTests" */;
			buildPhases = (
				9A122AD82D908C0300E4A2AC /* Sources */,
				9A122AD92D908C0300E4A2AC /* Frameworks */,
				9A122ADA2D908C0300E4A2AC /* Resources */,
			);
			buildRules = (
			);
			dependencies = (
				9A122ADE2D908C0300E4A2AC /* PBXTargetDependency */,
			);
			fileSystemSynchronizedGroups = (
				9A122ADF2D908C0300E4A2AC /* Estate-SwiftTests */,
			);
			name = "Estate-SwiftTests";
			packageProductDependencies = (
			);
			productName = "Estate-SwiftTests";
			productReference = 9A122ADC2D908C0300E4A2AC /* Estate-SwiftTests.xctest */;
			productType = "com.apple.product-type.bundle.unit-test";
		};
		9A122AE52D908C0300E4A2AC /* Estate-SwiftUITests */ = {
			isa = PBXNativeTarget;
			buildConfigurationList = 9A122AF62D908C0300E4A2AC /* Build configuration list for PBXNativeTarget "Estate-SwiftUITests" */;
			buildPhases = (
				9A122AE22D908C0300E4A2AC /* Sources */,
				9A122AE32D908C0300E4A2AC /* Frameworks */,
				9A122AE42D908C0300E4A2AC /* Resources */,
			);
			buildRules = (
			);
			dependencies = (
				9A122AE82D908C0300E4A2AC /* PBXTargetDependency */,
			);
			fileSystemSynchronizedGroups = (
				9A122AE92D908C0300E4A2AC /* Estate-SwiftUITests */,
			);
			name = "Estate-SwiftUITests";
			packageProductDependencies = (
			);
			productName = "Estate-SwiftUITests";
			productReference = 9A122AE62D908C0300E4A2AC /* Estate-SwiftUITests.xctest */;
			productType = "com.apple.product-type.bundle.ui-testing";
		};
/* End PBXNativeTarget section */

/* Begin PBXProject section */
		9A122AC42D908C0100E4A2AC /* Project object */ = {
			isa = PBXProject;
			attributes = {
				BuildIndependentTargetsInParallel = 1;
				LastSwiftUpdateCheck = 1620;
				LastUpgradeCheck = 1620;
				TargetAttributes = {
					9A122ACB2D908C0100E4A2AC = {
						CreatedOnToolsVersion = 16.2;
					};
					9A122ADB2D908C0300E4A2AC = {
						CreatedOnToolsVersion = 16.2;
						TestTargetID = 9A122ACB2D908C0100E4A2AC;
					};
					9A122AE52D908C0300E4A2AC = {
						CreatedOnToolsVersion = 16.2;
						TestTargetID = 9A122ACB2D908C0100E4A2AC;
					};
				};
			};
			buildConfigurationList = 9A122AC72D908C0100E4A2AC /* Build configuration list for PBXProject "Estate-Swift" */;
			developmentRegion = en;
			hasScannedForEncodings = 0;
			knownRegions = (
				en,
				Base,
			);
			mainGroup = 9A122AC32D908C0100E4A2AC;
			minimizedProjectReferenceProxies = 1;
			packageReferences = (
				9A122B652D908EA900E4A2AC /* XCRemoteSwiftPackageReference "GoogleSignIn-iOS" */,
				9A122CD82D91C2D400E4A2AC /* XCRemoteSwiftPackageReference "firebase-ios-sdk" */,
				9A122CE32D91CD7300E4A2AC /* XCRemoteSwiftPackageReference "facebook-ios-sdk" */,
				9A38CBE12D98233C0058DB6B /* XCRemoteSwiftPackageReference "rive-ios" */,
			);
			preferredProjectObjectVersion = 77;
			productRefGroup = 9A122ACD2D908C0100E4A2AC /* Products */;
			projectDirPath = "";
			projectRoot = "";
			targets = (
				9A122ACB2D908C0100E4A2AC /* Estate-Swift */,
				9A122ADB2D908C0300E4A2AC /* Estate-SwiftTests */,
				9A122AE52D908C0300E4A2AC /* Estate-SwiftUITests */,
			);
		};
/* End PBXProject section */

/* Begin PBXResourcesBuildPhase section */
		9A122ACA2D908C0100E4A2AC /* Resources */ = {
			isa = PBXResourcesBuildPhase;
			buildActionMask = 2147483647;
			files = (
			);
			runOnlyForDeploymentPostprocessing = 0;
		};
		9A122ADA2D908C0300E4A2AC /* Resources */ = {
			isa = PBXResourcesBuildPhase;
			buildActionMask = 2147483647;
			files = (
			);
			runOnlyForDeploymentPostprocessing = 0;
		};
		9A122AE42D908C0300E4A2AC /* Resources */ = {
			isa = PBXResourcesBuildPhase;
			buildActionMask = 2147483647;
			files = (
			);
			runOnlyForDeploymentPostprocessing = 0;
		};
/* End PBXResourcesBuildPhase section */

/* Begin PBXSourcesBuildPhase section */
		9A122AC82D908C0100E4A2AC /* Sources */ = {
			isa = PBXSourcesBuildPhase;
			buildActionMask = 2147483647;
			files = (
			);
			runOnlyForDeploymentPostprocessing = 0;
		};
		9A122AD82D908C0300E4A2AC /* Sources */ = {
			isa = PBXSourcesBuildPhase;
			buildActionMask = 2147483647;
			files = (
			);
			runOnlyForDeploymentPostprocessing = 0;
		};
		9A122AE22D908C0300E4A2AC /* Sources */ = {
			isa = PBXSourcesBuildPhase;
			buildActionMask = 2147483647;
			files = (
			);
			runOnlyForDeploymentPostprocessing = 0;
		};
/* End PBXSourcesBuildPhase section */

/* Begin PBXTargetDependency section */
		9A122ADE2D908C0300E4A2AC /* PBXTargetDependency */ = {
			isa = PBXTargetDependency;
			target = 9A122ACB2D908C0100E4A2AC /* Estate-Swift */;
			targetProxy = 9A122ADD2D908C0300E4A2AC /* PBXContainerItemProxy */;
		};
		9A122AE82D908C0300E4A2AC /* PBXTargetDependency */ = {
			isa = PBXTargetDependency;
			target = 9A122ACB2D908C0100E4A2AC /* Estate-Swift */;
			targetProxy = 9A122AE72D908C0300E4A2AC /* PBXContainerItemProxy */;
		};
/* End PBXTargetDependency section */

/* Begin XCBuildConfiguration section */
		9A122AEE2D908C0300E4A2AC /* Debug */ = {
			isa = XCBuildConfiguration;
			baseConfigurationReferenceAnchor = 9A122ACE2D908C0100E4A2AC /* Estate-Swift */;
			baseConfigurationReferenceRelativePath = Secrets.xcconfig;
			buildSettings = {
				ALWAYS_SEARCH_USER_PATHS = NO;
				ASSETCATALOG_COMPILER_GENERATE_SWIFT_ASSET_SYMBOL_EXTENSIONS = YES;
				CLANG_ANALYZER_NONNULL = YES;
				CLANG_ANALYZER_NUMBER_OBJECT_CONVERSION = YES_AGGRESSIVE;
				CLANG_CXX_LANGUAGE_STANDARD = "gnu++20";
				CLANG_ENABLE_MODULES = YES;
				CLANG_ENABLE_OBJC_ARC = YES;
				CLANG_ENABLE_OBJC_WEAK = YES;
				CLANG_WARN_BLOCK_CAPTURE_AUTORELEASING = YES;
				CLANG_WARN_BOOL_CONVERSION = YES;
				CLANG_WARN_COMMA = YES;
				CLANG_WARN_CONSTANT_CONVERSION = YES;
				CLANG_WARN_DEPRECATED_OBJC_IMPLEMENTATIONS = YES;
				CLANG_WARN_DIRECT_OBJC_ISA_USAGE = YES_ERROR;
				CLANG_WARN_DOCUMENTATION_COMMENTS = YES;
				CLANG_WARN_EMPTY_BODY = YES;
				CLANG_WARN_ENUM_CONVERSION = YES;
				CLANG_WARN_INFINITE_RECURSION = YES;
				CLANG_WARN_INT_CONVERSION = YES;
				CLANG_WARN_NON_LITERAL_NULL_CONVERSION = YES;
				CLANG_WARN_OBJC_IMPLICIT_RETAIN_SELF = YES;
				CLANG_WARN_OBJC_LITERAL_CONVERSION = YES;
				CLANG_WARN_OBJC_ROOT_CLASS = YES_ERROR;
				CLANG_WARN_QUOTED_INCLUDE_IN_FRAMEWORK_HEADER = YES;
				CLANG_WARN_RANGE_LOOP_ANALYSIS = YES;
				CLANG_WARN_STRICT_PROTOTYPES = YES;
				CLANG_WARN_SUSPICIOUS_MOVE = YES;
				CLANG_WARN_UNGUARDED_AVAILABILITY = YES_AGGRESSIVE;
				CLANG_WARN_UNREACHABLE_CODE = YES;
				CLANG_WARN__DUPLICATE_METHOD_MATCH = YES;
				COPY_PHASE_STRIP = NO;
				DEBUG_INFORMATION_FORMAT = dwarf;
				ENABLE_STRICT_OBJC_MSGSEND = YES;
				ENABLE_TESTABILITY = YES;
				ENABLE_USER_SCRIPT_SANDBOXING = YES;
				GCC_C_LANGUAGE_STANDARD = gnu17;
				GCC_DYNAMIC_NO_PIC = NO;
				GCC_NO_COMMON_BLOCKS = YES;
				GCC_OPTIMIZATION_LEVEL = 0;
				GCC_PREPROCESSOR_DEFINITIONS = (
					"DEBUG=1",
					"$(inherited)",
				);
				GCC_WARN_64_TO_32_BIT_CONVERSION = YES;
				GCC_WARN_ABOUT_RETURN_TYPE = YES_ERROR;
				GCC_WARN_UNDECLARED_SELECTOR = YES;
				GCC_WARN_UNINITIALIZED_AUTOS = YES_AGGRESSIVE;
				GCC_WARN_UNUSED_FUNCTION = YES;
				GCC_WARN_UNUSED_VARIABLE = YES;
				IPHONEOS_DEPLOYMENT_TARGET = 18.2;
				LOCALIZATION_PREFERS_STRING_CATALOGS = YES;
				MTL_ENABLE_DEBUG_INFO = INCLUDE_SOURCE;
				MTL_FAST_MATH = YES;
				ONLY_ACTIVE_ARCH = YES;
				SDKROOT = iphoneos;
				SWIFT_ACTIVE_COMPILATION_CONDITIONS = "DEBUG $(inherited)";
				SWIFT_OPTIMIZATION_LEVEL = "-Onone";
			};
			name = Debug;
		};
		9A122AEF2D908C0300E4A2AC /* Release */ = {
			isa = XCBuildConfiguration;
			baseConfigurationReferenceAnchor = 9A122ACE2D908C0100E4A2AC /* Estate-Swift */;
			baseConfigurationReferenceRelativePath = Secrets.xcconfig;
			buildSettings = {
				ALWAYS_SEARCH_USER_PATHS = NO;
				ASSETCATALOG_COMPILER_GENERATE_SWIFT_ASSET_SYMBOL_EXTENSIONS = YES;
				CLANG_ANALYZER_NONNULL = YES;
				CLANG_ANALYZER_NUMBER_OBJECT_CONVERSION = YES_AGGRESSIVE;
				CLANG_CXX_LANGUAGE_STANDARD = "gnu++20";
				CLANG_ENABLE_MODULES = YES;
				CLANG_ENABLE_OBJC_ARC = YES;
				CLANG_ENABLE_OBJC_WEAK = YES;
				CLANG_WARN_BLOCK_CAPTURE_AUTORELEASING = YES;
				CLANG_WARN_BOOL_CONVERSION = YES;
				CLANG_WARN_COMMA = YES;
				CLANG_WARN_CONSTANT_CONVERSION = YES;
				CLANG_WARN_DEPRECATED_OBJC_IMPLEMENTATIONS = YES;
				CLANG_WARN_DIRECT_OBJC_ISA_USAGE = YES_ERROR;
				CLANG_WARN_DOCUMENTATION_COMMENTS = YES;
				CLANG_WARN_EMPTY_BODY = YES;
				CLANG_WARN_ENUM_CONVERSION = YES;
				CLANG_WARN_INFINITE_RECURSION = YES;
				CLANG_WARN_INT_CONVERSION = YES;
				CLANG_WARN_NON_LITERAL_NULL_CONVERSION = YES;
				CLANG_WARN_OBJC_IMPLICIT_RETAIN_SELF = YES;
				CLANG_WARN_OBJC_LITERAL_CONVERSION = YES;
				CLANG_WARN_OBJC_ROOT_CLASS = YES_ERROR;
				CLANG_WARN_QUOTED_INCLUDE_IN_FRAMEWORK_HEADER = YES;
				CLANG_WARN_RANGE_LOOP_ANALYSIS = YES;
				CLANG_WARN_STRICT_PROTOTYPES = YES;
				CLANG_WARN_SUSPICIOUS_MOVE = YES;
				CLANG_WARN_UNGUARDED_AVAILABILITY = YES_AGGRESSIVE;
				CLANG_WARN_UNREACHABLE_CODE = YES;
				CLANG_WARN__DUPLICATE_METHOD_MATCH = YES;
				COPY_PHASE_STRIP = NO;
				DEBUG_INFORMATION_FORMAT = "dwarf-with-dsym";
				ENABLE_NS_ASSERTIONS = NO;
				ENABLE_STRICT_OBJC_MSGSEND = YES;
				ENABLE_USER_SCRIPT_SANDBOXING = YES;
				GCC_C_LANGUAGE_STANDARD = gnu17;
				GCC_NO_COMMON_BLOCKS = YES;
				GCC_WARN_64_TO_32_BIT_CONVERSION = YES;
				GCC_WARN_ABOUT_RETURN_TYPE = YES_ERROR;
				GCC_WARN_UNDECLARED_SELECTOR = YES;
				GCC_WARN_UNINITIALIZED_AUTOS = YES_AGGRESSIVE;
				GCC_WARN_UNUSED_FUNCTION = YES;
				GCC_WARN_UNUSED_VARIABLE = YES;
				IPHONEOS_DEPLOYMENT_TARGET = 18.2;
				LOCALIZATION_PREFERS_STRING_CATALOGS = YES;
				MTL_ENABLE_DEBUG_INFO = NO;
				MTL_FAST_MATH = YES;
				SDKROOT = iphoneos;
				SWIFT_COMPILATION_MODE = wholemodule;
				VALIDATE_PRODUCT = YES;
			};
			name = Release;
		};
		9A122AF12D908C0300E4A2AC /* Debug */ = {
			isa = XCBuildConfiguration;
			baseConfigurationReferenceAnchor = 9A122ACE2D908C0100E4A2AC /* Estate-Swift */;
			baseConfigurationReferenceRelativePath = Secrets.xcconfig;
			buildSettings = {
				ASSETCATALOG_COMPILER_APPICON_NAME = AppIcon;
				ASSETCATALOG_COMPILER_GLOBAL_ACCENT_COLOR_NAME = AccentColor;
				CODE_SIGN_STYLE = Automatic;
				CURRENT_PROJECT_VERSION = 1;
				DEVELOPMENT_ASSET_PATHS = "\"Estate-Swift/Preview Content\"";
				DEVELOPMENT_TEAM = 8NF8S3Q2H2;
				ENABLE_PREVIEWS = YES;
				GENERATE_INFOPLIST_FILE = YES;
				INFOPLIST_FILE = "Estate-Swift/Info.plist";
				INFOPLIST_KEY_CFBundleDisplayName = "";
				INFOPLIST_KEY_LSApplicationCategoryType = "";
				INFOPLIST_KEY_UIApplicationSceneManifest_Generation = YES;
				INFOPLIST_KEY_UIApplicationSupportsIndirectInputEvents = YES;
				INFOPLIST_KEY_UILaunchScreen_Generation = YES;
				INFOPLIST_KEY_UISupportedInterfaceOrientations_iPad = "UIInterfaceOrientationPortrait UIInterfaceOrientationPortraitUpsideDown UIInterfaceOrientationLandscapeLeft UIInterfaceOrientationLandscapeRight";
				INFOPLIST_KEY_UISupportedInterfaceOrientations_iPhone = "UIInterfaceOrientationPortrait UIInterfaceOrientationLandscapeLeft UIInterfaceOrientationLandscapeRight";
				LD_RUNPATH_SEARCH_PATHS = (
					"$(inherited)",
					"@executable_path/Frameworks",
				);
				MARKETING_VERSION = 1.0;
				PRODUCT_BUNDLE_IDENTIFIER = "Alex.Estate-Swift";
				PRODUCT_NAME = "$(TARGET_NAME)";
				SWIFT_EMIT_LOC_STRINGS = YES;
				SWIFT_VERSION = 5.0;
				TARGETED_DEVICE_FAMILY = "1,2";
			};
			name = Debug;
		};
		9A122AF22D908C0300E4A2AC /* Release */ = {
			isa = XCBuildConfiguration;
			baseConfigurationReferenceAnchor = 9A122ACE2D908C0100E4A2AC /* Estate-Swift */;
			baseConfigurationReferenceRelativePath = Secrets.xcconfig;
			buildSettings = {
				ASSETCATALOG_COMPILER_APPICON_NAME = AppIcon;
				ASSETCATALOG_COMPILER_GLOBAL_ACCENT_COLOR_NAME = AccentColor;
				CODE_SIGN_STYLE = Automatic;
				CURRENT_PROJECT_VERSION = 1;
				DEVELOPMENT_ASSET_PATHS = "\"Estate-Swift/Preview Content\"";
				DEVELOPMENT_TEAM = 8NF8S3Q2H2;
				ENABLE_PREVIEWS = YES;
				GENERATE_INFOPLIST_FILE = YES;
				INFOPLIST_FILE = "Estate-Swift/Info.plist";
				INFOPLIST_KEY_CFBundleDisplayName = "";
				INFOPLIST_KEY_LSApplicationCategoryType = "";
				INFOPLIST_KEY_UIApplicationSceneManifest_Generation = YES;
				INFOPLIST_KEY_UIApplicationSupportsIndirectInputEvents = YES;
				INFOPLIST_KEY_UILaunchScreen_Generation = YES;
				INFOPLIST_KEY_UISupportedInterfaceOrientations_iPad = "UIInterfaceOrientationPortrait UIInterfaceOrientationPortraitUpsideDown UIInterfaceOrientationLandscapeLeft UIInterfaceOrientationLandscapeRight";
				INFOPLIST_KEY_UISupportedInterfaceOrientations_iPhone = "UIInterfaceOrientationPortrait UIInterfaceOrientationLandscapeLeft UIInterfaceOrientationLandscapeRight";
				LD_RUNPATH_SEARCH_PATHS = (
					"$(inherited)",
					"@executable_path/Frameworks",
				);
				MARKETING_VERSION = 1.0;
				PRODUCT_BUNDLE_IDENTIFIER = "Alex.Estate-Swift";
				PRODUCT_NAME = "$(TARGET_NAME)";
				SWIFT_EMIT_LOC_STRINGS = YES;
				SWIFT_VERSION = 5.0;
				TARGETED_DEVICE_FAMILY = "1,2";
			};
			name = Release;
		};
		9A122AF42D908C0300E4A2AC /* Debug */ = {
			isa = XCBuildConfiguration;
			buildSettings = {
				BUNDLE_LOADER = "$(TEST_HOST)";
				CODE_SIGN_STYLE = Automatic;
				CURRENT_PROJECT_VERSION = 1;
				DEVELOPMENT_TEAM = 8NF8S3Q2H2;
				GENERATE_INFOPLIST_FILE = YES;
				IPHONEOS_DEPLOYMENT_TARGET = 18.2;
				MARKETING_VERSION = 1.0;
				PRODUCT_BUNDLE_IDENTIFIER = "Alex.Estate-SwiftTests";
				PRODUCT_NAME = "$(TARGET_NAME)";
				SWIFT_EMIT_LOC_STRINGS = NO;
				SWIFT_VERSION = 5.0;
				TARGETED_DEVICE_FAMILY = "1,2";
				TEST_HOST = "$(BUILT_PRODUCTS_DIR)/Estate-Swift.app/$(BUNDLE_EXECUTABLE_FOLDER_PATH)/Estate-Swift";
			};
			name = Debug;
		};
		9A122AF52D908C0300E4A2AC /* Release */ = {
			isa = XCBuildConfiguration;
			buildSettings = {
				BUNDLE_LOADER = "$(TEST_HOST)";
				CODE_SIGN_STYLE = Automatic;
				CURRENT_PROJECT_VERSION = 1;
				DEVELOPMENT_TEAM = 8NF8S3Q2H2;
				GENERATE_INFOPLIST_FILE = YES;
				IPHONEOS_DEPLOYMENT_TARGET = 18.2;
				MARKETING_VERSION = 1.0;
				PRODUCT_BUNDLE_IDENTIFIER = "Alex.Estate-SwiftTests";
				PRODUCT_NAME = "$(TARGET_NAME)";
				SWIFT_EMIT_LOC_STRINGS = NO;
				SWIFT_VERSION = 5.0;
				TARGETED_DEVICE_FAMILY = "1,2";
				TEST_HOST = "$(BUILT_PRODUCTS_DIR)/Estate-Swift.app/$(BUNDLE_EXECUTABLE_FOLDER_PATH)/Estate-Swift";
			};
			name = Release;
		};
		9A122AF72D908C0300E4A2AC /* Debug */ = {
			isa = XCBuildConfiguration;
			buildSettings = {
				CODE_SIGN_STYLE = Automatic;
				CURRENT_PROJECT_VERSION = 1;
				DEVELOPMENT_TEAM = 8NF8S3Q2H2;
				GENERATE_INFOPLIST_FILE = YES;
				MARKETING_VERSION = 1.0;
				PRODUCT_BUNDLE_IDENTIFIER = "Alex.Estate-SwiftUITests";
				PRODUCT_NAME = "$(TARGET_NAME)";
				SWIFT_EMIT_LOC_STRINGS = NO;
				SWIFT_VERSION = 5.0;
				TARGETED_DEVICE_FAMILY = "1,2";
				TEST_TARGET_NAME = "Estate-Swift";
			};
			name = Debug;
		};
		9A122AF82D908C0300E4A2AC /* Release */ = {
			isa = XCBuildConfiguration;
			buildSettings = {
				CODE_SIGN_STYLE = Automatic;
				CURRENT_PROJECT_VERSION = 1;
				DEVELOPMENT_TEAM = 8NF8S3Q2H2;
				GENERATE_INFOPLIST_FILE = YES;
				MARKETING_VERSION = 1.0;
				PRODUCT_BUNDLE_IDENTIFIER = "Alex.Estate-SwiftUITests";
				PRODUCT_NAME = "$(TARGET_NAME)";
				SWIFT_EMIT_LOC_STRINGS = NO;
				SWIFT_VERSION = 5.0;
				TARGETED_DEVICE_FAMILY = "1,2";
				TEST_TARGET_NAME = "Estate-Swift";
			};
			name = Release;
		};
/* End XCBuildConfiguration section */

/* Begin XCConfigurationList section */
		9A122AC72D908C0100E4A2AC /* Build configuration list for PBXProject "Estate-Swift" */ = {
			isa = XCConfigurationList;
			buildConfigurations = (
				9A122AEE2D908C0300E4A2AC /* Debug */,
				9A122AEF2D908C0300E4A2AC /* Release */,
			);
			defaultConfigurationIsVisible = 0;
			defaultConfigurationName = Release;
		};
		9A122AF02D908C0300E4A2AC /* Build configuration list for PBXNativeTarget "Estate-Swift" */ = {
			isa = XCConfigurationList;
			buildConfigurations = (
				9A122AF12D908C0300E4A2AC /* Debug */,
				9A122AF22D908C0300E4A2AC /* Release */,
			);
			defaultConfigurationIsVisible = 0;
			defaultConfigurationName = Release;
		};
		9A122AF32D908C0300E4A2AC /* Build configuration list for PBXNativeTarget "Estate-SwiftTests" */ = {
			isa = XCConfigurationList;
			buildConfigurations = (
				9A122AF42D908C0300E4A2AC /* Debug */,
				9A122AF52D908C0300E4A2AC /* Release */,
			);
			defaultConfigurationIsVisible = 0;
			defaultConfigurationName = Release;
		};
		9A122AF62D908C0300E4A2AC /* Build configuration list for PBXNativeTarget "Estate-SwiftUITests" */ = {
			isa = XCConfigurationList;
			buildConfigurations = (
				9A122AF72D908C0300E4A2AC /* Debug */,
				9A122AF82D908C0300E4A2AC /* Release */,
			);
			defaultConfigurationIsVisible = 0;
			defaultConfigurationName = Release;
		};
/* End XCConfigurationList section */

/* Begin XCRemoteSwiftPackageReference section */
		9A122B652D908EA900E4A2AC /* XCRemoteSwiftPackageReference "GoogleSignIn-iOS" */ = {
			isa = XCRemoteSwiftPackageReference;
			repositoryURL = "https://github.com/google/GoogleSignIn-iOS.git";
			requirement = {
				kind = upToNextMajorVersion;
				minimumVersion = 8.0.0;
			};
		};
		9A122CD82D91C2D400E4A2AC /* XCRemoteSwiftPackageReference "firebase-ios-sdk" */ = {
			isa = XCRemoteSwiftPackageReference;
			repositoryURL = "https://github.com/firebase/firebase-ios-sdk";
			requirement = {
				kind = upToNextMajorVersion;
				minimumVersion = 11.10.0;
			};
		};
		9A122CE32D91CD7300E4A2AC /* XCRemoteSwiftPackageReference "facebook-ios-sdk" */ = {
			isa = XCRemoteSwiftPackageReference;
			repositoryURL = "https://github.com/facebook/facebook-ios-sdk";
			requirement = {
				kind = upToNextMajorVersion;
				minimumVersion = 14.1.0;
			};
		};
		9A38CBE12D98233C0058DB6B /* XCRemoteSwiftPackageReference "rive-ios" */ = {
			isa = XCRemoteSwiftPackageReference;
			repositoryURL = "https://github.com/rive-app/rive-ios.git";
			requirement = {
				kind = upToNextMajorVersion;
				minimumVersion = 6.7.3;
			};
		};
/* End XCRemoteSwiftPackageReference section */

/* Begin XCSwiftPackageProductDependency section */
		9A122B662D908EA900E4A2AC /* GoogleSignIn */ = {
			isa = XCSwiftPackageProductDependency;
			package = 9A122B652D908EA900E4A2AC /* XCRemoteSwiftPackageReference "GoogleSignIn-iOS" */;
			productName = GoogleSignIn;
		};
		9A122B682D908EA900E4A2AC /* GoogleSignInSwift */ = {
			isa = XCSwiftPackageProductDependency;
			package = 9A122B652D908EA900E4A2AC /* XCRemoteSwiftPackageReference "GoogleSignIn-iOS" */;
			productName = GoogleSignInSwift;
		};
		9A122CD92D91C2D400E4A2AC /* FirebaseAnalytics */ = {
			isa = XCSwiftPackageProductDependency;
			package = 9A122CD82D91C2D400E4A2AC /* XCRemoteSwiftPackageReference "firebase-ios-sdk" */;
			productName = FirebaseAnalytics;
		};
		9A122CDB2D91C2D400E4A2AC /* FirebaseAnalyticsOnDeviceConversion */ = {
			isa = XCSwiftPackageProductDependency;
			package = 9A122CD82D91C2D400E4A2AC /* XCRemoteSwiftPackageReference "firebase-ios-sdk" */;
			productName = FirebaseAnalyticsOnDeviceConversion;
		};
		9A122CDD2D91C2D400E4A2AC /* FirebaseAnalyticsWithoutAdIdSupport */ = {
			isa = XCSwiftPackageProductDependency;
			package = 9A122CD82D91C2D400E4A2AC /* XCRemoteSwiftPackageReference "firebase-ios-sdk" */;
			productName = FirebaseAnalyticsWithoutAdIdSupport;
		};
		9A122CDF2D91C2D400E4A2AC /* FirebaseAppCheck */ = {
			isa = XCSwiftPackageProductDependency;
			package = 9A122CD82D91C2D400E4A2AC /* XCRemoteSwiftPackageReference "firebase-ios-sdk" */;
			productName = FirebaseAppCheck;
		};
		9A122CE12D91C2D400E4A2AC /* FirebaseAppDistribution-Beta */ = {
			isa = XCSwiftPackageProductDependency;
			package = 9A122CD82D91C2D400E4A2AC /* XCRemoteSwiftPackageReference "firebase-ios-sdk" */;
			productName = "FirebaseAppDistribution-Beta";
		};
		9A122CE42D91CD7300E4A2AC /* FacebookAEM */ = {
			isa = XCSwiftPackageProductDependency;
			package = 9A122CE32D91CD7300E4A2AC /* XCRemoteSwiftPackageReference "facebook-ios-sdk" */;
			productName = FacebookAEM;
		};
		9A122CE62D91CD7300E4A2AC /* FacebookBasics */ = {
			isa = XCSwiftPackageProductDependency;
			package = 9A122CE32D91CD7300E4A2AC /* XCRemoteSwiftPackageReference "facebook-ios-sdk" */;
			productName = FacebookBasics;
		};
		9A122CE82D91CD7300E4A2AC /* FacebookCore */ = {
			isa = XCSwiftPackageProductDependency;
			package = 9A122CE32D91CD7300E4A2AC /* XCRemoteSwiftPackageReference "facebook-ios-sdk" */;
			productName = FacebookCore;
		};
		9A122CEA2D91CD7300E4A2AC /* FacebookGamingServices */ = {
			isa = XCSwiftPackageProductDependency;
			package = 9A122CE32D91CD7300E4A2AC /* XCRemoteSwiftPackageReference "facebook-ios-sdk" */;
			productName = FacebookGamingServices;
		};
		9A122CEC2D91CD7300E4A2AC /* FacebookLogin */ = {
			isa = XCSwiftPackageProductDependency;
			package = 9A122CE32D91CD7300E4A2AC /* XCRemoteSwiftPackageReference "facebook-ios-sdk" */;
			productName = FacebookLogin;
		};
		9A122CEF2D91D4AA00E4A2AC /* FirebaseCore */ = {
			isa = XCSwiftPackageProductDependency;
			package = 9A122CD82D91C2D400E4A2AC /* XCRemoteSwiftPackageReference "firebase-ios-sdk" */;
			productName = FirebaseCore;
		};
		9A122CF12D91D4B500E4A2AC /* FirebaseDatabase */ = {
			isa = XCSwiftPackageProductDependency;
			package = 9A122CD82D91C2D400E4A2AC /* XCRemoteSwiftPackageReference "firebase-ios-sdk" */;
			productName = FirebaseDatabase;
		};
		9A122CF32D91D4CA00E4A2AC /* FirebaseAuth */ = {
			isa = XCSwiftPackageProductDependency;
			package = 9A122CD82D91C2D400E4A2AC /* XCRemoteSwiftPackageReference "firebase-ios-sdk" */;
			productName = FirebaseAuth;
		};
		9A122CF52D91D5E900E4A2AC /* FacebookShare */ = {
			isa = XCSwiftPackageProductDependency;
			package = 9A122CE32D91CD7300E4A2AC /* XCRemoteSwiftPackageReference "facebook-ios-sdk" */;
			productName = FacebookShare;
		};
		9A38CBE22D98233C0058DB6B /* RiveRuntime */ = {
			isa = XCSwiftPackageProductDependency;
			package = 9A38CBE12D98233C0058DB6B /* XCRemoteSwiftPackageReference "rive-ios" */;
			productName = RiveRuntime;
		};
		9A38CC0B2D984F4B0058DB6B /* FirebaseFirestore */ = {
			isa = XCSwiftPackageProductDependency;
			package = 9A122CD82D91C2D400E4A2AC /* XCRemoteSwiftPackageReference "firebase-ios-sdk" */;
			productName = FirebaseFirestore;
		};
/* End XCSwiftPackageProductDependency section */
	};
	rootObject = 9A122AC42D908C0100E4A2AC /* Project object */;
}
